// !$*UTF8*$!
{
	archiveVersion = 1;
	classes = {
	};
	objectVersion = 56;
	objects = {

/* Begin PBXBuildFile section */
		41A3B9542C7F3DEE009E3910 /* AppDelegate.swift in Sources */ = {isa = PBXBuildFile; fileRef = 41A3B9532C7F3DEE009E3910 /* AppDelegate.swift */; };
		41A3B9562C7F3DEE009E3910 /* SceneDelegate.swift in Sources */ = {isa = PBXBuildFile; fileRef = 41A3B9552C7F3DEE009E3910 /* SceneDelegate.swift */; };
		41A3B9582C7F3DEE009E3910 /* ViewController.swift in Sources */ = {isa = PBXBuildFile; fileRef = 41A3B9572C7F3DEE009E3910 /* ViewController.swift */; };
		41A3B95B2C7F3DEE009E3910 /* Main.storyboard in Resources */ = {isa = PBXBuildFile; fileRef = 41A3B9592C7F3DEE009E3910 /* Main.storyboard */; };
		41A3B95D2C7F3DF2009E3910 /* Assets.xcassets in Resources */ = {isa = PBXBuildFile; fileRef = 41A3B95C2C7F3DF2009E3910 /* Assets.xcassets */; };
		41A3B9602C7F3DF2009E3910 /* LaunchScreen.storyboard in Resources */ = {isa = PBXBuildFile; fileRef = 41A3B95E2C7F3DF2009E3910 /* LaunchScreen.storyboard */; };
		41A3B9682C7F3E54009E3910 /* TestView.xib in Resources */ = {isa = PBXBuildFile; fileRef = 41A3B9672C7F3E54009E3910 /* TestView.xib */; };
		41A3B96A2C7F3E78009E3910 /* TestView.swift in Sources */ = {isa = PBXBuildFile; fileRef = 41A3B9692C7F3E78009E3910 /* TestView.swift */; };
/* End PBXBuildFile section */

/* Begin PBXFileReference section */
		41A3B9502C7F3DEE009E3910 /* XIB-Demo.app */ = {isa = PBXFileReference; explicitFileType = wrapper.application; includeInIndex = 0; path = "XIB-Demo.app"; sourceTree = BUILT_PRODUCTS_DIR; };
		41A3B9532C7F3DEE009E3910 /* AppDelegate.swift */ = {isa = PBXFileReference; lastKnownFileType = sourcecode.swift; path = AppDelegate.swift; sourceTree = "<group>"; };
		41A3B9552C7F3DEE009E3910 /* SceneDelegate.swift */ = {isa = PBXFileReference; lastKnownFileType = sourcecode.swift; path = SceneDelegate.swift; sourceTree = "<group>"; };
		41A3B9572C7F3DEE009E3910 /* ViewController.swift */ = {isa = PBXFileReference; lastKnownFileType = sourcecode.swift; path = ViewController.swift; sourceTree = "<group>"; };
		41A3B95A2C7F3DEE009E3910 /* Base */ = {isa = PBXFileReference; lastKnownFileType = file.storyboard; name = Base; path = Base.lproj/Main.storyboard; sourceTree = "<group>"; };
		41A3B95C2C7F3DF2009E3910 /* Assets.xcassets */ = {isa = PBXFileReference; lastKnownFileType = folder.assetcatalog; path = Assets.xcassets; sourceTree = "<group>"; };
		41A3B95F2C7F3DF2009E3910 /* Base */ = {isa = PBXFileReference; lastKnownFileType = file.storyboard; name = Base; path = Base.lproj/LaunchScreen.storyboard; sourceTree = "<group>"; };
		41A3B9612C7F3DF2009E3910 /* Info.plist */ = {isa = PBXFileReference; lastKnownFileType = text.plist.xml; path = Info.plist; sourceTree = "<group>"; };
		41A3B9672C7F3E54009E3910 /* TestView.xib */ = {isa = PBXFileReference; lastKnownFileType = file.xib; path = TestView.xib; sourceTree = "<group>"; };
		41A3B9692C7F3E78009E3910 /* TestView.swift */ = {isa = PBXFileReference; lastKnownFileType = sourcecode.swift; path = TestView.swift; sourceTree = "<group>"; };
/* End PBXFileReference section */

/* Begin PBXFrameworksBuildPhase section */
		41A3B94D2C7F3DEE009E3910 /* Frameworks */ = {
			isa = PBXFrameworksBuildPhase;
			buildActionMask = 2147483647;
			files = (
			);
			runOnlyForDeploymentPostprocessing = 0;
		};
/* End PBXFrameworksBuildPhase section */

/* Begin PBXGroup section */
		41A3B9472C7F3DEE009E3910 = {
			isa = PBXGroup;
			children = (
				41A3B9522C7F3DEE009E3910 /* XIB-Demo */,
				41A3B9512C7F3DEE009E3910 /* Products */,
			);
			sourceTree = "<group>";
		};
		41A3B9512C7F3DEE009E3910 /* Products */ = {
			isa = PBXGroup;
			children = (
				41A3B9502C7F3DEE009E3910 /* XIB-Demo.app */,
			);
			name = Products;
			sourceTree = "<group>";
		};
		41A3B9522C7F3DEE009E3910 /* XIB-Demo */ = {
			isa = PBXGroup;
			children = (
				41A3B9532C7F3DEE009E3910 /* AppDelegate.swift */,
				41A3B9552C7F3DEE009E3910 /* SceneDelegate.swift */,
				41A3B9572C7F3DEE009E3910 /* ViewController.swift */,
				41A3B9592C7F3DEE009E3910 /* Main.storyboard */,
				41A3B95C2C7F3DF2009E3910 /* Assets.xcassets */,
				41A3B95E2C7F3DF2009E3910 /* LaunchScreen.storyboard */,
				41A3B9612C7F3DF2009E3910 /* Info.plist */,
				41A3B9672C7F3E54009E3910 /* TestView.xib */,
				41A3B9692C7F3E78009E3910 /* TestView.swift */,
			);
			path = "XIB-Demo";
			sourceTree = "<group>";
		};
/* End PBXGroup section */

/* Begin PBXNativeTarget section */
		41A3B94F2C7F3DEE009E3910 /* XIB-Demo */ = {
			isa = PBXNativeTarget;
			buildConfigurationList = 41A3B9642C7F3DF2009E3910 /* Build configuration list for PBXNativeTarget "XIB-Demo" */;
			buildPhases = (
				41A3B94C2C7F3DEE009E3910 /* Sources */,
				41A3B94D2C7F3DEE009E3910 /* Frameworks */,
				41A3B94E2C7F3DEE009E3910 /* Resources */,
			);
			buildRules = (
			);
			dependencies = (
			);
			name = "XIB-Demo";
			productName = "XIB-Demo";
			productReference = 41A3B9502C7F3DEE009E3910 /* XIB-Demo.app */;
			productType = "com.apple.product-type.application";
		};
/* End PBXNativeTarget section */

/* Begin PBXProject section */
		41A3B9482C7F3DEE009E3910 /* Project object */ = {
			isa = PBXProject;
			attributes = {
				BuildIndependentTargetsInParallel = 1;
				LastSwiftUpdateCheck = 1420;
				LastUpgradeCheck = 1420;
				TargetAttributes = {
					41A3B94F2C7F3DEE009E3910 = {
						CreatedOnToolsVersion = 14.2;
					};
				};
			};
			buildConfigurationList = 41A3B94B2C7F3DEE009E3910 /* Build configuration list for PBXProject "XIB-Demo" */;
			compatibilityVersion = "Xcode 14.0";
			developmentRegion = en;
			hasScannedForEncodings = 0;
			knownRegions = (
				en,
				Base,
			);
			mainGroup = 41A3B9472C7F3DEE009E3910;
			productRefGroup = 41A3B9512C7F3DEE009E3910 /* Products */;
			projectDirPath = "";
			projectRoot = "";
			targets = (
				41A3B94F2C7F3DEE009E3910 /* XIB-Demo */,
			);
		};
/* End PBXProject section */

/* Begin PBXResourcesBuildPhase section */
		41A3B94E2C7F3DEE009E3910 /* Resources */ = {
			isa = PBXResourcesBuildPhase;
			buildActionMask = 2147483647;
			files = (
				41A3B9682C7F3E54009E3910 /* TestView.xib in Resources */,
				41A3B9602C7F3DF2009E3910 /* LaunchScreen.storyboard in Resources */,
				41A3B95D2C7F3DF2009E3910 /* Assets.xcassets in Resources */,
				41A3B95B2C7F3DEE009E3910 /* Main.storyboard in Resources */,
			);
			runOnlyForDeploymentPostprocessing = 0;
		};
/* End PBXResourcesBuildPhase section */

/* Begin PBXSourcesBuildPhase section */
		41A3B94C2C7F3DEE009E3910 /* Sources */ = {
			isa = PBXSourcesBuildPhase;
			buildActionMask = 2147483647;
			files = (
				41A3B96A2C7F3E78009E3910 /* TestView.swift in Sources */,
				41A3B9582C7F3DEE009E3910 /* ViewController.swift in Sources */,
				41A3B9542C7F3DEE009E3910 /* AppDelegate.swift in Sources */,
				41A3B9562C7F3DEE009E3910 /* SceneDelegate.swift in Sources */,
			);
			runOnlyForDeploymentPostprocessing = 0;
		};
/* End PBXSourcesBuildPhase section */

/* Begin PBXVariantGroup section */
		41A3B9592C7F3DEE009E3910 /* Main.storyboard */ = {
			isa = PBXVariantGroup;
			children = (
				41A3B95A2C7F3DEE009E3910 /* Base */,
			);
			name = Main.storyboard;
			sourceTree = "<group>";
		};
		41A3B95E2C7F3DF2009E3910 /* LaunchScreen.storyboard */ = {
			isa = PBXVariantGroup;
			children = (
				41A3B95F2C7F3DF2009E3910 /* Base */,
			);
			name = LaunchScreen.storyboard;
			sourceTree = "<group>";
		};
/* End PBXVariantGroup section */

/* Begin XCBuildConfiguration section */
		41A3B9622C7F3DF2009E3910 /* Debug */ = {
			isa = XCBuildConfiguration;
			buildSettings = {
				ALWAYS_SEARCH_USER_PATHS = NO;
				CLANG_ANALYZER_NONNULL = YES;
				CLANG_ANALYZER_NUMBER_OBJECT_CONVERSION = YES_AGGRESSIVE;
				CLANG_CXX_LANGUAGE_STANDARD = "gnu++20";
				CLANG_ENABLE_MODULES = YES;
				CLANG_ENABLE_OBJC_ARC = YES;
				CLANG_ENABLE_OBJC_WEAK = YES;
				CLANG_WARN_BLOCK_CAPTURE_AUTORELEASING = YES;
				CLANG_WARN_BOOL_CONVERSION = YES;
				CLANG_WARN_COMMA = YES;
				CLANG_WARN_CONSTANT_CONVERSION = YES;
				CLANG_WARN_DEPRECATED_OBJC_IMPLEMENTATIONS = YES;
				CLANG_WARN_DIRECT_OBJC_ISA_USAGE = YES_ERROR;
				CLANG_WARN_DOCUMENTATION_COMMENTS = YES;
				CLANG_WARN_EMPTY_BODY = YES;
				CLANG_WARN_ENUM_CONVERSION = YES;
				CLANG_WARN_INFINITE_RECURSION = YES;
				CLANG_WARN_INT_CONVERSION = YES;
				CLANG_WARN_NON_LITERAL_NULL_CONVERSION = YES;
				CLANG_WARN_OBJC_IMPLICIT_RETAIN_SELF = YES;
				CLANG_WARN_OBJC_LITERAL_CONVERSION = YES;
				CLANG_WARN_OBJC_ROOT_CLASS = YES_ERROR;
				CLANG_WARN_QUOTED_INCLUDE_IN_FRAMEWORK_HEADER = YES;
				CLANG_WARN_RANGE_LOOP_ANALYSIS = YES;
				CLANG_WARN_STRICT_PROTOTYPES = YES;
				CLANG_WARN_SUSPICIOUS_MOVE = YES;
				CLANG_WARN_UNGUARDED_AVAILABILITY = YES_AGGRESSIVE;
				CLANG_WARN_UNREACHABLE_CODE = YES;
				CLANG_WARN__DUPLICATE_METHOD_MATCH = YES;
				COPY_PHASE_STRIP = NO;
				DEBUG_INFORMATION_FORMAT = dwarf;
				ENABLE_STRICT_OBJC_MSGSEND = YES;
				ENABLE_TESTABILITY = YES;
				GCC_C_LANGUAGE_STANDARD = gnu11;
				GCC_DYNAMIC_NO_PIC = NO;
				GCC_NO_COMMON_BLOCKS = YES;
				GCC_OPTIMIZATION_LEVEL = 0;
				GCC_PREPROCESSOR_DEFINITIONS = (
					"DEBUG=1",
					"$(inherited)",
				);
				GCC_WARN_64_TO_32_BIT_CONVERSION = YES;
				GCC_WARN_ABOUT_RETURN_TYPE = YES_ERROR;
				GCC_WARN_UNDECLARED_SELECTOR = YES;
				GCC_WARN_UNINITIALIZED_AUTOS = YES_AGGRESSIVE;
				GCC_WARN_UNUSED_FUNCTION = YES;
				GCC_WARN_UNUSED_VARIABLE = YES;
				IPHONEOS_DEPLOYMENT_TARGET = 16.2;
				MTL_ENABLE_DEBUG_INFO = INCLUDE_SOURCE;
				MTL_FAST_MATH = YES;
				ONLY_ACTIVE_ARCH = YES;
				SDKROOT = iphoneos;
				SWIFT_ACTIVE_COMPILATION_CONDITIONS = DEBUG;
				SWIFT_OPTIMIZATION_LEVEL = "-Onone";
			};
			name = Debug;
		};
		41A3B9632C7F3DF2009E3910 /* Release */ = {
			isa = XCBuildConfiguration;
			buildSettings = {
				ALWAYS_SEARCH_USER_PATHS = NO;
				CLANG_ANALYZER_NONNULL = YES;
				CLANG_ANALYZER_NUMBER_OBJECT_CONVERSION = YES_AGGRESSIVE;
				CLANG_CXX_LANGUAGE_STANDARD = "gnu++20";
				CLANG_ENABLE_MODULES = YES;
				CLANG_ENABLE_OBJC_ARC = YES;
				CLANG_ENABLE_OBJC_WEAK = YES;
				CLANG_WARN_BLOCK_CAPTURE_AUTORELEASING = YES;
				CLANG_WARN_BOOL_CONVERSION = YES;
				CLANG_WARN_COMMA = YES;
				CLANG_WARN_CONSTANT_CONVERSION = YES;
				CLANG_WARN_DEPRECATED_OBJC_IMPLEMENTATIONS = YES;
				CLANG_WARN_DIRECT_OBJC_ISA_USAGE = YES_ERROR;
				CLANG_WARN_DOCUMENTATION_COMMENTS = YES;
				CLANG_WARN_EMPTY_BODY = YES;
				CLANG_WARN_ENUM_CONVERSION = YES;
				CLANG_WARN_INFINITE_RECURSION = YES;
				CLANG_WARN_INT_CONVERSION = YES;
				CLANG_WARN_NON_LITERAL_NULL_CONVERSION = YES;
				CLANG_WARN_OBJC_IMPLICIT_RETAIN_SELF = YES;
				CLANG_WARN_OBJC_LITERAL_CONVERSION = YES;
				CLANG_WARN_OBJC_ROOT_CLASS = YES_ERROR;
				CLANG_WARN_QUOTED_INCLUDE_IN_FRAMEWORK_HEADER = YES;
				CLANG_WARN_RANGE_LOOP_ANALYSIS = YES;
				CLANG_WARN_STRICT_PROTOTYPES = YES;
				CLANG_WARN_SUSPICIOUS_MOVE = YES;
				CLANG_WARN_UNGUARDED_AVAILABILITY = YES_AGGRESSIVE;
				CLANG_WARN_UNREACHABLE_CODE = YES;
				CLANG_WARN__DUPLICATE_METHOD_MATCH = YES;
				COPY_PHASE_STRIP = NO;
				DEBUG_INFORMATION_FORMAT = "dwarf-with-dsym";
				ENABLE_NS_ASSERTIONS = NO;
				ENABLE_STRICT_OBJC_MSGSEND = YES;
				GCC_C_LANGUAGE_STANDARD = gnu11;
				GCC_NO_COMMON_BLOCKS = YES;
				GCC_WARN_64_TO_32_BIT_CONVERSION = YES;
				GCC_WARN_ABOUT_RETURN_TYPE = YES_ERROR;
				GCC_WARN_UNDECLARED_SELECTOR = YES;
				GCC_WARN_UNINITIALIZED_AUTOS = YES_AGGRESSIVE;
				GCC_WARN_UNUSED_FUNCTION = YES;
				GCC_WARN_UNUSED_VARIABLE = YES;
				IPHONEOS_DEPLOYMENT_TARGET = 16.2;
				MTL_ENABLE_DEBUG_INFO = NO;
				MTL_FAST_MATH = YES;
				SDKROOT = iphoneos;
				SWIFT_COMPILATION_MODE = wholemodule;
				SWIFT_OPTIMIZATION_LEVEL = "-O";
				VALIDATE_PRODUCT = YES;
			};
			name = Release;
		};
		41A3B9652C7F3DF2009E3910 /* Debug */ = {
			isa = XCBuildConfiguration;
			buildSettings = {
				ASSETCATALOG_COMPILER_APPICON_NAME = AppIcon;
				ASSETCATALOG_COMPILER_GLOBAL_ACCENT_COLOR_NAME = AccentColor;
				CODE_SIGN_STYLE = Automatic;
				CURRENT_PROJECT_VERSION = 1;
				GENERATE_INFOPLIST_FILE = YES;
				INFOPLIST_FILE = "XIB-Demo/Info.plist";
				INFOPLIST_KEY_UIApplicationSupportsIndirectInputEvents = YES;
				INFOPLIST_KEY_UILaunchStoryboardName = LaunchScreen;
				INFOPLIST_KEY_UIMainStoryboardFile = Main;
				INFOPLIST_KEY_UISupportedInterfaceOrientations_iPad = "UIInterfaceOrientationPortrait UIInterfaceOrientationPortraitUpsideDown UIInterfaceOrientationLandscapeLeft UIInterfaceOrientationLandscapeRight";
				INFOPLIST_KEY_UISupportedInterfaceOrientations_iPhone = "UIInterfaceOrientationPortrait UIInterfaceOrientationLandscapeLeft UIInterfaceOrientationLandscapeRight";
				LD_RUNPATH_SEARCH_PATHS = (
					"$(inherited)",
					"@executable_path/Frameworks",
				);
				MARKETING_VERSION = 1.0;
				PRODUCT_BUNDLE_IDENTIFIER = "example.com.XIB-Demo";
				PRODUCT_NAME = "$(TARGET_NAME)";
				SWIFT_EMIT_LOC_STRINGS = YES;
				SWIFT_VERSION = 5.0;
				TARGETED_DEVICE_FAMILY = "1,2";
			};
			name = Debug;
		};
		41A3B9662C7F3DF2009E3910 /* Release */ = {
			isa = XCBuildConfiguration;
			buildSettings = {
				ASSETCATALOG_COMPILER_APPICON_NAME = AppIcon;
				ASSETCATALOG_COMPILER_GLOBAL_ACCENT_COLOR_NAME = AccentColor;
				CODE_SIGN_STYLE = Automatic;
				CURRENT_PROJECT_VERSION = 1;
				GENERATE_INFOPLIST_FILE = YES;
				INFOPLIST_FILE = "XIB-Demo/Info.plist";
				INFOPLIST_KEY_UIApplicationSupportsIndirectInputEvents = YES;
				INFOPLIST_KEY_UILaunchStoryboardName = LaunchScreen;
				INFOPLIST_KEY_UIMainStoryboardFile = Main;
				INFOPLIST_KEY_UISupportedInterfaceOrientations_iPad = "UIInterfaceOrientationPortrait UIInterfaceOrientationPortraitUpsideDown UIInterfaceOrientationLandscapeLeft UIInterfaceOrientationLandscapeRight";
				INFOPLIST_KEY_UISupportedInterfaceOrientations_iPhone = "UIInterfaceOrientationPortrait UIInterfaceOrientationLandscapeLeft UIInterfaceOrientationLandscapeRight";
				LD_RUNPATH_SEARCH_PATHS = (
					"$(inherited)",
					"@executable_path/Frameworks",
				);
				MARKETING_VERSION = 1.0;
				PRODUCT_BUNDLE_IDENTIFIER = "example.com.XIB-Demo";
				PRODUCT_NAME = "$(TARGET_NAME)";
				SWIFT_EMIT_LOC_STRINGS = YES;
				SWIFT_VERSION = 5.0;
				TARGETED_DEVICE_FAMILY = "1,2";
			};
			name = Release;
		};
/* End XCBuildConfiguration section */

/* Begin XCConfigurationList section */
		41A3B94B2C7F3DEE009E3910 /* Build configuration list for PBXProject "XIB-Demo" */ = {
			isa = XCConfigurationList;
			buildConfigurations = (
				41A3B9622C7F3DF2009E3910 /* Debug */,
				41A3B9632C7F3DF2009E3910 /* Release */,
			);
			defaultConfigurationIsVisible = 0;
			defaultConfigurationName = Release;
		};
		41A3B9642C7F3DF2009E3910 /* Build configuration list for PBXNativeTarget "XIB-Demo" */ = {
			isa = XCConfigurationList;
			buildConfigurations = (
				41A3B9652C7F3DF2009E3910 /* Debug */,
				41A3B9662C7F3DF2009E3910 /* Release */,
			);
			defaultConfigurationIsVisible = 0;
			defaultConfigurationName = Release;
		};
/* End XCConfigurationList section */
	};
	rootObject = 41A3B9482C7F3DEE009E3910 /* Project object */;
}
