// !$*UTF8*$!
{
	archiveVersion = 1;
	classes = {
	};
	objectVersion = 56;
	objects = {

/* Begin PBXBuildFile section */
		4173CC3E2C88886500F5377B /* SecondXIB.xib in Resources */ = {isa = PBXBuildFile; fileRef = 4173CC3D2C88886500F5377B /* SecondXIB.xib */; };
		41A2738A2C8885C900262FAF /* AppDelegate.swift in Sources */ = {isa = PBXBuildFile; fileRef = 41A273892C8885C900262FAF /* AppDelegate.swift */; };
		41A2738C2C8885C900262FAF /* SceneDelegate.swift in Sources */ = {isa = PBXBuildFile; fileRef = 41A2738B2C8885C900262FAF /* SceneDelegate.swift */; };
		41A2738E2C8885C900262FAF /* ViewController.swift in Sources */ = {isa = PBXBuildFile; fileRef = 41A2738D2C8885C900262FAF /* ViewController.swift */; };
		41A273912C8885C900262FAF /* Main.storyboard in Resources */ = {isa = PBXBuildFile; fileRef = 41A2738F2C8885C900262FAF /* Main.storyboard */; };
		41A273932C8885CF00262FAF /* Assets.xcassets in Resources */ = {isa = PBXBuildFile; fileRef = 41A273922C8885CF00262FAF /* Assets.xcassets */; };
		41A273962C8885CF00262FAF /* LaunchScreen.storyboard in Resources */ = {isa = PBXBuildFile; fileRef = 41A273942C8885CF00262FAF /* LaunchScreen.storyboard */; };
		41A273A02C8886D800262FAF /* SecondXIB.swift in Sources */ = {isa = PBXBuildFile; fileRef = 41A2739F2C8886D800262FAF /* SecondXIB.swift */; };
		41A273A22C8886E800262FAF /* ThirdXIB.swift in Sources */ = {isa = PBXBuildFile; fileRef = 41A273A12C8886E800262FAF /* ThirdXIB.swift */; };
		41B851662C8888BA007DFABB /* ThirdXIB.xib in Resources */ = {isa = PBXBuildFile; fileRef = 41B851652C8888BA007DFABB /* ThirdXIB.xib */; };
		C1AD74192C8B5CFB009B636C /* FirstXIB.swift in Sources */ = {isa = PBXBuildFile; fileRef = C1AD74172C8B5CFB009B636C /* FirstXIB.swift */; };
		C1AD741E2C8B5D86009B636C /* FirstXIB.xib in Resources */ = {isa = PBXBuildFile; fileRef = C1AD741D2C8B5D86009B636C /* FirstXIB.xib */; };
/* End PBXBuildFile section */

/* Begin PBXFileReference section */
		4173CC3D2C88886500F5377B /* SecondXIB.xib */ = {isa = PBXFileReference; lastKnownFileType = file.xib; name = SecondXIB.xib; path = ../SecondXIB.xib; sourceTree = "<group>"; };
		41A273862C8885C900262FAF /* XIB -2.app */ = {isa = PBXFileReference; explicitFileType = wrapper.application; includeInIndex = 0; path = "XIB -2.app"; sourceTree = BUILT_PRODUCTS_DIR; };
		41A273892C8885C900262FAF /* AppDelegate.swift */ = {isa = PBXFileReference; lastKnownFileType = sourcecode.swift; path = AppDelegate.swift; sourceTree = "<group>"; };
		41A2738B2C8885C900262FAF /* SceneDelegate.swift */ = {isa = PBXFileReference; lastKnownFileType = sourcecode.swift; path = SceneDelegate.swift; sourceTree = "<group>"; };
		41A2738D2C8885C900262FAF /* ViewController.swift */ = {isa = PBXFileReference; lastKnownFileType = sourcecode.swift; path = ViewController.swift; sourceTree = "<group>"; };
		41A273902C8885C900262FAF /* Base */ = {isa = PBXFileReference; lastKnownFileType = file.storyboard; name = Base; path = Base.lproj/Main.storyboard; sourceTree = "<group>"; };
		41A273922C8885CF00262FAF /* Assets.xcassets */ = {isa = PBXFileReference; lastKnownFileType = folder.assetcatalog; path = Assets.xcassets; sourceTree = "<group>"; };
		41A273952C8885CF00262FAF /* Base */ = {isa = PBXFileReference; lastKnownFileType = file.storyboard; name = Base; path = Base.lproj/LaunchScreen.storyboard; sourceTree = "<group>"; };
		41A273972C8885CF00262FAF /* Info.plist */ = {isa = PBXFileReference; lastKnownFileType = text.plist.xml; path = Info.plist; sourceTree = "<group>"; };
		41A2739F2C8886D800262FAF /* SecondXIB.swift */ = {isa = PBXFileReference; lastKnownFileType = sourcecode.swift; path = SecondXIB.swift; sourceTree = "<group>"; };
		41A273A12C8886E800262FAF /* ThirdXIB.swift */ = {isa = PBXFileReference; lastKnownFileType = sourcecode.swift; path = ThirdXIB.swift; sourceTree = "<group>"; };
		41B851652C8888BA007DFABB /* ThirdXIB.xib */ = {isa = PBXFileReference; lastKnownFileType = file.xib; name = ThirdXIB.xib; path = ../ThirdXIB.xib; sourceTree = "<group>"; };
		C1AD74172C8B5CFB009B636C /* FirstXIB.swift */ = {isa = PBXFileReference; fileEncoding = 4; lastKnownFileType = sourcecode.swift; path = FirstXIB.swift; sourceTree = "<group>"; };
		C1AD741D2C8B5D86009B636C /* FirstXIB.xib */ = {isa = PBXFileReference; lastKnownFileType = file.xib; path = FirstXIB.xib; sourceTree = "<group>"; };
/* End PBXFileReference section */

/* Begin PBXFrameworksBuildPhase section */
		41A273832C8885C900262FAF /* Frameworks */ = {
			isa = PBXFrameworksBuildPhase;
			buildActionMask = 2147483647;
			files = (
			);
			runOnlyForDeploymentPostprocessing = 0;
		};
/* End PBXFrameworksBuildPhase section */

/* Begin PBXGroup section */
		41A2737D2C8885C900262FAF = {
			isa = PBXGroup;
			children = (
				41A273882C8885C900262FAF /* XIB -2 */,
				41A273872C8885C900262FAF /* Products */,
			);
			sourceTree = "<group>";
		};
		41A273872C8885C900262FAF /* Products */ = {
			isa = PBXGroup;
			children = (
				41A273862C8885C900262FAF /* XIB -2.app */,
			);
			name = Products;
			sourceTree = "<group>";
		};
		41A273882C8885C900262FAF /* XIB -2 */ = {
			isa = PBXGroup;
			children = (
				41A273892C8885C900262FAF /* AppDelegate.swift */,
				41A2738B2C8885C900262FAF /* SceneDelegate.swift */,
				41A2738D2C8885C900262FAF /* ViewController.swift */,
				41A2738F2C8885C900262FAF /* Main.storyboard */,
				41A273922C8885CF00262FAF /* Assets.xcassets */,
				41A273942C8885CF00262FAF /* LaunchScreen.storyboard */,
				41A273972C8885CF00262FAF /* Info.plist */,
				C1AD74172C8B5CFB009B636C /* FirstXIB.swift */,
				C1AD741D2C8B5D86009B636C /* FirstXIB.xib */,
				41A2739F2C8886D800262FAF /* SecondXIB.swift */,
				4173CC3D2C88886500F5377B /* SecondXIB.xib */,
				41A273A12C8886E800262FAF /* ThirdXIB.swift */,
				41B851652C8888BA007DFABB /* ThirdXIB.xib */,
			);
			path = "XIB -2";
			sourceTree = "<group>";
		};
/* End PBXGroup section */

/* Begin PBXNativeTarget section */
		41A273852C8885C900262FAF /* XIB -2 */ = {
			isa = PBXNativeTarget;
			buildConfigurationList = 41A2739A2C8885CF00262FAF /* Build configuration list for PBXNativeTarget "XIB -2" */;
			buildPhases = (
				41A273822C8885C900262FAF /* Sources */,
				41A273832C8885C900262FAF /* Frameworks */,
				41A273842C8885C900262FAF /* Resources */,
			);
			buildRules = (
			);
			dependencies = (
			);
			name = "XIB -2";
			productName = "XIB -2";
			productReference = 41A273862C8885C900262FAF /* XIB -2.app */;
			productType = "com.apple.product-type.application";
		};
/* End PBXNativeTarget section */

/* Begin PBXProject section */
		41A2737E2C8885C900262FAF /* Project object */ = {
			isa = PBXProject;
			attributes = {
				BuildIndependentTargetsInParallel = 1;
				LastSwiftUpdateCheck = 1420;
				LastUpgradeCheck = 1540;
				TargetAttributes = {
					41A273852C8885C900262FAF = {
						CreatedOnToolsVersion = 14.2;
					};
				};
			};
			buildConfigurationList = 41A273812C8885C900262FAF /* Build configuration list for PBXProject "XIB -2" */;
			compatibilityVersion = "Xcode 14.0";
			developmentRegion = en;
			hasScannedForEncodings = 0;
			knownRegions = (
				en,
				Base,
			);
			mainGroup = 41A2737D2C8885C900262FAF;
			productRefGroup = 41A273872C8885C900262FAF /* Products */;
			projectDirPath = "";
			projectRoot = "";
			targets = (
				41A273852C8885C900262FAF /* XIB -2 */,
			);
		};
/* End PBXProject section */

/* Begin PBXResourcesBuildPhase section */
		41A273842C8885C900262FAF /* Resources */ = {
			isa = PBXResourcesBuildPhase;
			buildActionMask = 2147483647;
			files = (
				C1AD741E2C8B5D86009B636C /* FirstXIB.xib in Resources */,
				41A273962C8885CF00262FAF /* LaunchScreen.storyboard in Resources */,
				4173CC3E2C88886500F5377B /* SecondXIB.xib in Resources */,
				41A273932C8885CF00262FAF /* Assets.xcassets in Resources */,
				41A273912C8885C900262FAF /* Main.storyboard in Resources */,
				41B851662C8888BA007DFABB /* ThirdXIB.xib in Resources */,
			);
			runOnlyForDeploymentPostprocessing = 0;
		};
/* End PBXResourcesBuildPhase section */

/* Begin PBXSourcesBuildPhase section */
		41A273822C8885C900262FAF /* Sources */ = {
			isa = PBXSourcesBuildPhase;
			buildActionMask = 2147483647;
			files = (
				41A2738E2C8885C900262FAF /* ViewController.swift in Sources */,
				41A273A02C8886D800262FAF /* SecondXIB.swift in Sources */,
				41A2738A2C8885C900262FAF /* AppDelegate.swift in Sources */,
				41A2738C2C8885C900262FAF /* SceneDelegate.swift in Sources */,
				C1AD74192C8B5CFB009B636C /* FirstXIB.swift in Sources */,
				41A273A22C8886E800262FAF /* ThirdXIB.swift in Sources */,
			);
			runOnlyForDeploymentPostprocessing = 0;
		};
/* End PBXSourcesBuildPhase section */

/* Begin PBXVariantGroup section */
		41A2738F2C8885C900262FAF /* Main.storyboard */ = {
			isa = PBXVariantGroup;
			children = (
				41A273902C8885C900262FAF /* Base */,
			);
			name = Main.storyboard;
			sourceTree = "<group>";
		};
		41A273942C8885CF00262FAF /* LaunchScreen.storyboard */ = {
			isa = PBXVariantGroup;
			children = (
				41A273952C8885CF00262FAF /* Base */,
			);
			name = LaunchScreen.storyboard;
			sourceTree = "<group>";
		};
/* End PBXVariantGroup section */

/* Begin XCBuildConfiguration section */
		41A273982C8885CF00262FAF /* Debug */ = {
			isa = XCBuildConfiguration;
			buildSettings = {
				ALWAYS_SEARCH_USER_PATHS = NO;
				CLANG_ANALYZER_NONNULL = YES;
				CLANG_ANALYZER_NUMBER_OBJECT_CONVERSION = YES_AGGRESSIVE;
				CLANG_CXX_LANGUAGE_STANDARD = "gnu++20";
				CLANG_ENABLE_MODULES = YES;
				CLANG_ENABLE_OBJC_ARC = YES;
				CLANG_ENABLE_OBJC_WEAK = YES;
				CLANG_WARN_BLOCK_CAPTURE_AUTORELEASING = YES;
				CLANG_WARN_BOOL_CONVERSION = YES;
				CLANG_WARN_COMMA = YES;
				CLANG_WARN_CONSTANT_CONVERSION = YES;
				CLANG_WARN_DEPRECATED_OBJC_IMPLEMENTATIONS = YES;
				CLANG_WARN_DIRECT_OBJC_ISA_USAGE = YES_ERROR;
				CLANG_WARN_DOCUMENTATION_COMMENTS = YES;
				CLANG_WARN_EMPTY_BODY = YES;
				CLANG_WARN_ENUM_CONVERSION = YES;
				CLANG_WARN_INFINITE_RECURSION = YES;
				CLANG_WARN_INT_CONVERSION = YES;
				CLANG_WARN_NON_LITERAL_NULL_CONVERSION = YES;
				CLANG_WARN_OBJC_IMPLICIT_RETAIN_SELF = YES;
				CLANG_WARN_OBJC_LITERAL_CONVERSION = YES;
				CLANG_WARN_OBJC_ROOT_CLASS = YES_ERROR;
				CLANG_WARN_QUOTED_INCLUDE_IN_FRAMEWORK_HEADER = YES;
				CLANG_WARN_RANGE_LOOP_ANALYSIS = YES;
				CLANG_WARN_STRICT_PROTOTYPES = YES;
				CLANG_WARN_SUSPICIOUS_MOVE = YES;
				CLANG_WARN_UNGUARDED_AVAILABILITY = YES_AGGRESSIVE;
				CLANG_WARN_UNREACHABLE_CODE = YES;
				CLANG_WARN__DUPLICATE_METHOD_MATCH = YES;
				COPY_PHASE_STRIP = NO;
				DEBUG_INFORMATION_FORMAT = dwarf;
				ENABLE_STRICT_OBJC_MSGSEND = YES;
				ENABLE_TESTABILITY = YES;
				ENABLE_USER_SCRIPT_SANDBOXING = YES;
				GCC_C_LANGUAGE_STANDARD = gnu11;
				GCC_DYNAMIC_NO_PIC = NO;
				GCC_NO_COMMON_BLOCKS = YES;
				GCC_OPTIMIZATION_LEVEL = 0;
				GCC_PREPROCESSOR_DEFINITIONS = (
					"DEBUG=1",
					"$(inherited)",
				);
				GCC_WARN_64_TO_32_BIT_CONVERSION = YES;
				GCC_WARN_ABOUT_RETURN_TYPE = YES_ERROR;
				GCC_WARN_UNDECLARED_SELECTOR = YES;
				GCC_WARN_UNINITIALIZED_AUTOS = YES_AGGRESSIVE;
				GCC_WARN_UNUSED_FUNCTION = YES;
				GCC_WARN_UNUSED_VARIABLE = YES;
				IPHONEOS_DEPLOYMENT_TARGET = 16.2;
				MTL_ENABLE_DEBUG_INFO = INCLUDE_SOURCE;
				MTL_FAST_MATH = YES;
				ONLY_ACTIVE_ARCH = YES;
				SDKROOT = iphoneos;
				SWIFT_ACTIVE_COMPILATION_CONDITIONS = DEBUG;
				SWIFT_OPTIMIZATION_LEVEL = "-Onone";
			};
			name = Debug;
		};
		41A273992C8885CF00262FAF /* Release */ = {
			isa = XCBuildConfiguration;
			buildSettings = {
				ALWAYS_SEARCH_USER_PATHS = NO;
				CLANG_ANALYZER_NONNULL = YES;
				CLANG_ANALYZER_NUMBER_OBJECT_CONVERSION = YES_AGGRESSIVE;
				CLANG_CXX_LANGUAGE_STANDARD = "gnu++20";
				CLANG_ENABLE_MODULES = YES;
				CLANG_ENABLE_OBJC_ARC = YES;
				CLANG_ENABLE_OBJC_WEAK = YES;
				CLANG_WARN_BLOCK_CAPTURE_AUTORELEASING = YES;
				CLANG_WARN_BOOL_CONVERSION = YES;
				CLANG_WARN_COMMA = YES;
				CLANG_WARN_CONSTANT_CONVERSION = YES;
				CLANG_WARN_DEPRECATED_OBJC_IMPLEMENTATIONS = YES;
				CLANG_WARN_DIRECT_OBJC_ISA_USAGE = YES_ERROR;
				CLANG_WARN_DOCUMENTATION_COMMENTS = YES;
				CLANG_WARN_EMPTY_BODY = YES;
				CLANG_WARN_ENUM_CONVERSION = YES;
				CLANG_WARN_INFINITE_RECURSION = YES;
				CLANG_WARN_INT_CONVERSION = YES;
				CLANG_WARN_NON_LITERAL_NULL_CONVERSION = YES;
				CLANG_WARN_OBJC_IMPLICIT_RETAIN_SELF = YES;
				CLANG_WARN_OBJC_LITERAL_CONVERSION = YES;
				CLANG_WARN_OBJC_ROOT_CLASS = YES_ERROR;
				CLANG_WARN_QUOTED_INCLUDE_IN_FRAMEWORK_HEADER = YES;
				CLANG_WARN_RANGE_LOOP_ANALYSIS = YES;
				CLANG_WARN_STRICT_PROTOTYPES = YES;
				CLANG_WARN_SUSPICIOUS_MOVE = YES;
				CLANG_WARN_UNGUARDED_AVAILABILITY = YES_AGGRESSIVE;
				CLANG_WARN_UNREACHABLE_CODE = YES;
				CLANG_WARN__DUPLICATE_METHOD_MATCH = YES;
				COPY_PHASE_STRIP = NO;
				DEBUG_INFORMATION_FORMAT = "dwarf-with-dsym";
				ENABLE_NS_ASSERTIONS = NO;
				ENABLE_STRICT_OBJC_MSGSEND = YES;
				ENABLE_USER_SCRIPT_SANDBOXING = YES;
				GCC_C_LANGUAGE_STANDARD = gnu11;
				GCC_NO_COMMON_BLOCKS = YES;
				GCC_WARN_64_TO_32_BIT_CONVERSION = YES;
				GCC_WARN_ABOUT_RETURN_TYPE = YES_ERROR;
				GCC_WARN_UNDECLARED_SELECTOR = YES;
				GCC_WARN_UNINITIALIZED_AUTOS = YES_AGGRESSIVE;
				GCC_WARN_UNUSED_FUNCTION = YES;
				GCC_WARN_UNUSED_VARIABLE = YES;
				IPHONEOS_DEPLOYMENT_TARGET = 16.2;
				MTL_ENABLE_DEBUG_INFO = NO;
				MTL_FAST_MATH = YES;
				SDKROOT = iphoneos;
				SWIFT_COMPILATION_MODE = wholemodule;
				SWIFT_OPTIMIZATION_LEVEL = "-O";
				VALIDATE_PRODUCT = YES;
			};
			name = Release;
		};
		41A2739B2C8885CF00262FAF /* Debug */ = {
			isa = XCBuildConfiguration;
			buildSettings = {
				ASSETCATALOG_COMPILER_APPICON_NAME = AppIcon;
				ASSETCATALOG_COMPILER_GLOBAL_ACCENT_COLOR_NAME = AccentColor;
				CODE_SIGN_STYLE = Automatic;
				CURRENT_PROJECT_VERSION = 1;
				GENERATE_INFOPLIST_FILE = YES;
				INFOPLIST_FILE = "XIB -2/Info.plist";
				INFOPLIST_KEY_UIApplicationSupportsIndirectInputEvents = YES;
				INFOPLIST_KEY_UILaunchStoryboardName = LaunchScreen;
				INFOPLIST_KEY_UIMainStoryboardFile = Main;
				INFOPLIST_KEY_UISupportedInterfaceOrientations_iPad = "UIInterfaceOrientationPortrait UIInterfaceOrientationPortraitUpsideDown UIInterfaceOrientationLandscapeLeft UIInterfaceOrientationLandscapeRight";
				INFOPLIST_KEY_UISupportedInterfaceOrientations_iPhone = "UIInterfaceOrientationPortrait UIInterfaceOrientationLandscapeLeft UIInterfaceOrientationLandscapeRight";
				IPHONEOS_DEPLOYMENT_TARGET = 16.2;
				LD_RUNPATH_SEARCH_PATHS = (
					"$(inherited)",
					"@executable_path/Frameworks",
				);
				MARKETING_VERSION = 1.0;
				PRODUCT_BUNDLE_IDENTIFIER = "example.com.XIB--2";
				PRODUCT_NAME = "$(TARGET_NAME)";
				SWIFT_EMIT_LOC_STRINGS = YES;
				SWIFT_VERSION = 5.0;
				TARGETED_DEVICE_FAMILY = "1,2";
			};
			name = Debug;
		};
		41A2739C2C8885CF00262FAF /* Release */ = {
			isa = XCBuildConfiguration;
			buildSettings = {
				ASSETCATALOG_COMPILER_APPICON_NAME = AppIcon;
				ASSETCATALOG_COMPILER_GLOBAL_ACCENT_COLOR_NAME = AccentColor;
				CODE_SIGN_STYLE = Automatic;
				CURRENT_PROJECT_VERSION = 1;
				GENERATE_INFOPLIST_FILE = YES;
				INFOPLIST_FILE = "XIB -2/Info.plist";
				INFOPLIST_KEY_UIApplicationSupportsIndirectInputEvents = YES;
				INFOPLIST_KEY_UILaunchStoryboardName = LaunchScreen;
				INFOPLIST_KEY_UIMainStoryboardFile = Main;
				INFOPLIST_KEY_UISupportedInterfaceOrientations_iPad = "UIInterfaceOrientationPortrait UIInterfaceOrientationPortraitUpsideDown UIInterfaceOrientationLandscapeLeft UIInterfaceOrientationLandscapeRight";
				INFOPLIST_KEY_UISupportedInterfaceOrientations_iPhone = "UIInterfaceOrientationPortrait UIInterfaceOrientationLandscapeLeft UIInterfaceOrientationLandscapeRight";
				IPHONEOS_DEPLOYMENT_TARGET = 16.2;
				LD_RUNPATH_SEARCH_PATHS = (
					"$(inherited)",
					"@executable_path/Frameworks",
				);
				MARKETING_VERSION = 1.0;
				PRODUCT_BUNDLE_IDENTIFIER = "example.com.XIB--2";
				PRODUCT_NAME = "$(TARGET_NAME)";
				SWIFT_EMIT_LOC_STRINGS = YES;
				SWIFT_VERSION = 5.0;
				TARGETED_DEVICE_FAMILY = "1,2";
			};
			name = Release;
		};
/* End XCBuildConfiguration section */

/* Begin XCConfigurationList section */
		41A273812C8885C900262FAF /* Build configuration list for PBXProject "XIB -2" */ = {
			isa = XCConfigurationList;
			buildConfigurations = (
				41A273982C8885CF00262FAF /* Debug */,
				41A273992C8885CF00262FAF /* Release */,
			);
			defaultConfigurationIsVisible = 0;
			defaultConfigurationName = Release;
		};
		41A2739A2C8885CF00262FAF /* Build configuration list for PBXNativeTarget "XIB -2" */ = {
			isa = XCConfigurationList;
			buildConfigurations = (
				41A2739B2C8885CF00262FAF /* Debug */,
				41A2739C2C8885CF00262FAF /* Release */,
			);
			defaultConfigurationIsVisible = 0;
			defaultConfigurationName = Release;
		};
/* End XCConfigurationList section */
	};
	rootObject = 41A2737E2C8885C900262FAF /* Project object */;
}
